// !$*UTF8*$!
{
	archiveVersion = 1;
	classes = {
	};
	objectVersion = 46;
	objects = {

/* Begin PBXBuildFile section */
		93D9FC10185081A600D80BED /* Foundation.framework in Frameworks */ = {isa = PBXBuildFile; fileRef = 93D9FC0F185081A600D80BED /* Foundation.framework */; };
		93D9FC12185081A600D80BED /* CoreGraphics.framework in Frameworks */ = {isa = PBXBuildFile; fileRef = 93D9FC11185081A600D80BED /* CoreGraphics.framework */; };
		93D9FC14185081A600D80BED /* UIKit.framework in Frameworks */ = {isa = PBXBuildFile; fileRef = 93D9FC13185081A600D80BED /* UIKit.framework */; };
		93D9FC1A185081A600D80BED /* InfoPlist.strings in Resources */ = {isa = PBXBuildFile; fileRef = 93D9FC18185081A600D80BED /* InfoPlist.strings */; };
		93D9FC1C185081A600D80BED /* main.m in Sources */ = {isa = PBXBuildFile; fileRef = 93D9FC1B185081A600D80BED /* main.m */; };
		93D9FC20185081A600D80BED /* AppDelegate.m in Sources */ = {isa = PBXBuildFile; fileRef = 93D9FC1F185081A600D80BED /* AppDelegate.m */; };
		93D9FC23185081A600D80BED /* Main_iPhone.storyboard in Resources */ = {isa = PBXBuildFile; fileRef = 93D9FC21185081A600D80BED /* Main_iPhone.storyboard */; };
		93D9FC26185081A600D80BED /* Main_iPad.storyboard in Resources */ = {isa = PBXBuildFile; fileRef = 93D9FC24185081A600D80BED /* Main_iPad.storyboard */; };
		93D9FC29185081A600D80BED /* ViewController.m in Sources */ = {isa = PBXBuildFile; fileRef = 93D9FC28185081A600D80BED /* ViewController.m */; };
		93D9FC2B185081A600D80BED /* Images.xcassets in Resources */ = {isa = PBXBuildFile; fileRef = 93D9FC2A185081A600D80BED /* Images.xcassets */; };
		93D9FC32185081A600D80BED /* XCTest.framework in Frameworks */ = {isa = PBXBuildFile; fileRef = 93D9FC31185081A600D80BED /* XCTest.framework */; };
		93D9FC33185081A600D80BED /* Foundation.framework in Frameworks */ = {isa = PBXBuildFile; fileRef = 93D9FC0F185081A600D80BED /* Foundation.framework */; };
		93D9FC34185081A600D80BED /* UIKit.framework in Frameworks */ = {isa = PBXBuildFile; fileRef = 93D9FC13185081A600D80BED /* UIKit.framework */; };
		93D9FC3C185081A600D80BED /* InfoPlist.strings in Resources */ = {isa = PBXBuildFile; fileRef = 93D9FC3A185081A600D80BED /* InfoPlist.strings */; };
		93D9FC3E185081A600D80BED /* UnitTestingAppTests.m in Sources */ = {isa = PBXBuildFile; fileRef = 93D9FC3D185081A600D80BED /* UnitTestingAppTests.m */; };
/* End PBXBuildFile section */

/* Begin PBXContainerItemProxy section */
		93D9FC35185081A600D80BED /* PBXContainerItemProxy */ = {
			isa = PBXContainerItemProxy;
			containerPortal = 93D9FC04185081A600D80BED /* Project object */;
			proxyType = 1;
			remoteGlobalIDString = 93D9FC0B185081A600D80BED;
			remoteInfo = UnitTestingApp;
		};
/* End PBXContainerItemProxy section */

/* Begin PBXFileReference section */
		93D9FC0C185081A600D80BED /* UnitTestingApp.app */ = {isa = PBXFileReference; explicitFileType = wrapper.application; includeInIndex = 0; path = UnitTestingApp.app; sourceTree = BUILT_PRODUCTS_DIR; };
		93D9FC0F185081A600D80BED /* Foundation.framework */ = {isa = PBXFileReference; lastKnownFileType = wrapper.framework; name = Foundation.framework; path = System/Library/Frameworks/Foundation.framework; sourceTree = SDKROOT; };
		93D9FC11185081A600D80BED /* CoreGraphics.framework */ = {isa = PBXFileReference; lastKnownFileType = wrapper.framework; name = CoreGraphics.framework; path = System/Library/Frameworks/CoreGraphics.framework; sourceTree = SDKROOT; };
		93D9FC13185081A600D80BED /* UIKit.framework */ = {isa = PBXFileReference; lastKnownFileType = wrapper.framework; name = UIKit.framework; path = System/Library/Frameworks/UIKit.framework; sourceTree = SDKROOT; };
		93D9FC17185081A600D80BED /* UnitTestingApp-Info.plist */ = {isa = PBXFileReference; lastKnownFileType = text.plist.xml; path = "UnitTestingApp-Info.plist"; sourceTree = "<group>"; };
		93D9FC19185081A600D80BED /* en */ = {isa = PBXFileReference; lastKnownFileType = text.plist.strings; name = en; path = en.lproj/InfoPlist.strings; sourceTree = "<group>"; };
		93D9FC1B185081A600D80BED /* main.m */ = {isa = PBXFileReference; lastKnownFileType = sourcecode.c.objc; path = main.m; sourceTree = "<group>"; };
		93D9FC1D185081A600D80BED /* UnitTestingApp-Prefix.pch */ = {isa = PBXFileReference; lastKnownFileType = sourcecode.c.h; path = "UnitTestingApp-Prefix.pch"; sourceTree = "<group>"; };
		93D9FC1E185081A600D80BED /* AppDelegate.h */ = {isa = PBXFileReference; lastKnownFileType = sourcecode.c.h; path = AppDelegate.h; sourceTree = "<group>"; };
		93D9FC1F185081A600D80BED /* AppDelegate.m */ = {isa = PBXFileReference; lastKnownFileType = sourcecode.c.objc; path = AppDelegate.m; sourceTree = "<group>"; };
		93D9FC22185081A600D80BED /* Base */ = {isa = PBXFileReference; lastKnownFileType = file.storyboard; name = Base; path = Base.lproj/Main_iPhone.storyboard; sourceTree = "<group>"; };
		93D9FC25185081A600D80BED /* Base */ = {isa = PBXFileReference; lastKnownFileType = file.storyboard; name = Base; path = Base.lproj/Main_iPad.storyboard; sourceTree = "<group>"; };
		93D9FC27185081A600D80BED /* ViewController.h */ = {isa = PBXFileReference; lastKnownFileType = sourcecode.c.h; path = ViewController.h; sourceTree = "<group>"; };
		93D9FC28185081A600D80BED /* ViewController.m */ = {isa = PBXFileReference; lastKnownFileType = sourcecode.c.objc; path = ViewController.m; sourceTree = "<group>"; };
		93D9FC2A185081A600D80BED /* Images.xcassets */ = {isa = PBXFileReference; lastKnownFileType = folder.assetcatalog; path = Images.xcassets; sourceTree = "<group>"; };
		93D9FC30185081A600D80BED /* UnitTestingAppTests.xctest */ = {isa = PBXFileReference; explicitFileType = wrapper.cfbundle; includeInIndex = 0; path = UnitTestingAppTests.xctest; sourceTree = BUILT_PRODUCTS_DIR; };
		93D9FC31185081A600D80BED /* XCTest.framework */ = {isa = PBXFileReference; lastKnownFileType = wrapper.framework; name = XCTest.framework; path = Library/Frameworks/XCTest.framework; sourceTree = DEVELOPER_DIR; };
		93D9FC39185081A600D80BED /* UnitTestingAppTests-Info.plist */ = {isa = PBXFileReference; lastKnownFileType = text.plist.xml; path = "UnitTestingAppTests-Info.plist"; sourceTree = "<group>"; };
		93D9FC3B185081A600D80BED /* en */ = {isa = PBXFileReference; lastKnownFileType = text.plist.strings; name = en; path = en.lproj/InfoPlist.strings; sourceTree = "<group>"; };
		93D9FC3D185081A600D80BED /* UnitTestingAppTests.m */ = {isa = PBXFileReference; lastKnownFileType = sourcecode.c.objc; path = UnitTestingAppTests.m; sourceTree = "<group>"; };
/* End PBXFileReference section */

/* Begin PBXFrameworksBuildPhase section */
		93D9FC09185081A600D80BED /* Frameworks */ = {
			isa = PBXFrameworksBuildPhase;
			buildActionMask = 2147483647;
			files = (
				93D9FC12185081A600D80BED /* CoreGraphics.framework in Frameworks */,
				93D9FC14185081A600D80BED /* UIKit.framework in Frameworks */,
				93D9FC10185081A600D80BED /* Foundation.framework in Frameworks */,
			);
			runOnlyForDeploymentPostprocessing = 0;
		};
		93D9FC2D185081A600D80BED /* Frameworks */ = {
			isa = PBXFrameworksBuildPhase;
			buildActionMask = 2147483647;
			files = (
				93D9FC32185081A600D80BED /* XCTest.framework in Frameworks */,
				93D9FC34185081A600D80BED /* UIKit.framework in Frameworks */,
				93D9FC33185081A600D80BED /* Foundation.framework in Frameworks */,
			);
			runOnlyForDeploymentPostprocessing = 0;
		};
/* End PBXFrameworksBuildPhase section */

/* Begin PBXGroup section */
		93D9FC03185081A600D80BED = {
			isa = PBXGroup;
			children = (
				93D9FC15185081A600D80BED /* UnitTestingApp */,
				93D9FC37185081A600D80BED /* UnitTestingAppTests */,
				93D9FC0E185081A600D80BED /* Frameworks */,
				93D9FC0D185081A600D80BED /* Products */,
			);
			sourceTree = "<group>";
		};
		93D9FC0D185081A600D80BED /* Products */ = {
			isa = PBXGroup;
			children = (
				93D9FC0C185081A600D80BED /* UnitTestingApp.app */,
				93D9FC30185081A600D80BED /* UnitTestingAppTests.xctest */,
			);
			name = Products;
			sourceTree = "<group>";
		};
		93D9FC0E185081A600D80BED /* Frameworks */ = {
			isa = PBXGroup;
			children = (
				93D9FC0F185081A600D80BED /* Foundation.framework */,
				93D9FC11185081A600D80BED /* CoreGraphics.framework */,
				93D9FC13185081A600D80BED /* UIKit.framework */,
				93D9FC31185081A600D80BED /* XCTest.framework */,
			);
			name = Frameworks;
			sourceTree = "<group>";
		};
		93D9FC15185081A600D80BED /* UnitTestingApp */ = {
			isa = PBXGroup;
			children = (
				93D9FC1E185081A600D80BED /* AppDelegate.h */,
				93D9FC1F185081A600D80BED /* AppDelegate.m */,
				93D9FC21185081A600D80BED /* Main_iPhone.storyboard */,
				93D9FC24185081A600D80BED /* Main_iPad.storyboard */,
				93D9FC27185081A600D80BED /* ViewController.h */,
				93D9FC28185081A600D80BED /* ViewController.m */,
				93D9FC2A185081A600D80BED /* Images.xcassets */,
				93D9FC16185081A600D80BED /* Supporting Files */,
			);
			path = UnitTestingApp;
			sourceTree = "<group>";
		};
		93D9FC16185081A600D80BED /* Supporting Files */ = {
			isa = PBXGroup;
			children = (
				93D9FC17185081A600D80BED /* UnitTestingApp-Info.plist */,
				93D9FC18185081A600D80BED /* InfoPlist.strings */,
				93D9FC1B185081A600D80BED /* main.m */,
				93D9FC1D185081A600D80BED /* UnitTestingApp-Prefix.pch */,
			);
			name = "Supporting Files";
			sourceTree = "<group>";
		};
		93D9FC37185081A600D80BED /* UnitTestingAppTests */ = {
			isa = PBXGroup;
			children = (
				93D9FC3D185081A600D80BED /* UnitTestingAppTests.m */,
				93D9FC38185081A600D80BED /* Supporting Files */,
			);
			path = UnitTestingAppTests;
			sourceTree = "<group>";
		};
		93D9FC38185081A600D80BED /* Supporting Files */ = {
			isa = PBXGroup;
			children = (
				93D9FC39185081A600D80BED /* UnitTestingAppTests-Info.plist */,
				93D9FC3A185081A600D80BED /* InfoPlist.strings */,
			);
			name = "Supporting Files";
			sourceTree = "<group>";
		};
/* End PBXGroup section */

/* Begin PBXNativeTarget section */
		93D9FC0B185081A600D80BED /* UnitTestingApp */ = {
			isa = PBXNativeTarget;
			buildConfigurationList = 93D9FC41185081A600D80BED /* Build configuration list for PBXNativeTarget "UnitTestingApp" */;
			buildPhases = (
				93D9FC08185081A600D80BED /* Sources */,
				93D9FC09185081A600D80BED /* Frameworks */,
				93D9FC0A185081A600D80BED /* Resources */,
			);
			buildRules = (
			);
			dependencies = (
			);
			name = UnitTestingApp;
			productName = UnitTestingApp;
			productReference = 93D9FC0C185081A600D80BED /* UnitTestingApp.app */;
			productType = "com.apple.product-type.application";
		};
		93D9FC2F185081A600D80BED /* UnitTestingAppTests */ = {
			isa = PBXNativeTarget;
			buildConfigurationList = 93D9FC44185081A600D80BED /* Build configuration list for PBXNativeTarget "UnitTestingAppTests" */;
			buildPhases = (
				93D9FC2C185081A600D80BED /* Sources */,
				93D9FC2D185081A600D80BED /* Frameworks */,
				93D9FC2E185081A600D80BED /* Resources */,
			);
			buildRules = (
			);
			dependencies = (
				93D9FC36185081A600D80BED /* PBXTargetDependency */,
			);
			name = UnitTestingAppTests;
			productName = UnitTestingAppTests;
			productReference = 93D9FC30185081A600D80BED /* UnitTestingAppTests.xctest */;
			productType = "com.apple.product-type.bundle.unit-test";
		};
/* End PBXNativeTarget section */

/* Begin PBXProject section */
		93D9FC04185081A600D80BED /* Project object */ = {
			isa = PBXProject;
			attributes = {
				LastUpgradeCheck = 0510;
				ORGANIZATIONNAME = Softtrends;
				TargetAttributes = {
					93D9FC2F185081A600D80BED = {
						TestTargetID = 93D9FC0B185081A600D80BED;
					};
				};
			};
			buildConfigurationList = 93D9FC07185081A600D80BED /* Build configuration list for PBXProject "UnitTestingApp" */;
			compatibilityVersion = "Xcode 3.2";
			developmentRegion = English;
			hasScannedForEncodings = 0;
			knownRegions = (
				en,
				Base,
			);
			mainGroup = 93D9FC03185081A600D80BED;
			productRefGroup = 93D9FC0D185081A600D80BED /* Products */;
			projectDirPath = "";
			projectRoot = "";
			targets = (
				93D9FC0B185081A600D80BED /* UnitTestingApp */,
				93D9FC2F185081A600D80BED /* UnitTestingAppTests */,
			);
		};
/* End PBXProject section */

/* Begin PBXResourcesBuildPhase section */
		93D9FC0A185081A600D80BED /* Resources */ = {
			isa = PBXResourcesBuildPhase;
			buildActionMask = 2147483647;
			files = (
				93D9FC26185081A600D80BED /* Main_iPad.storyboard in Resources */,
				93D9FC2B185081A600D80BED /* Images.xcassets in Resources */,
				93D9FC23185081A600D80BED /* Main_iPhone.storyboard in Resources */,
				93D9FC1A185081A600D80BED /* InfoPlist.strings in Resources */,
			);
			runOnlyForDeploymentPostprocessing = 0;
		};
		93D9FC2E185081A600D80BED /* Resources */ = {
			isa = PBXResourcesBuildPhase;
			buildActionMask = 2147483647;
			files = (
				93D9FC3C185081A600D80BED /* InfoPlist.strings in Resources */,
			);
			runOnlyForDeploymentPostprocessing = 0;
		};
/* End PBXResourcesBuildPhase section */

/* Begin PBXSourcesBuildPhase section */
		93D9FC08185081A600D80BED /* Sources */ = {
			isa = PBXSourcesBuildPhase;
			buildActionMask = 2147483647;
			files = (
				93D9FC29185081A600D80BED /* ViewController.m in Sources */,
				93D9FC20185081A600D80BED /* AppDelegate.m in Sources */,
				93D9FC1C185081A600D80BED /* main.m in Sources */,
			);
			runOnlyForDeploymentPostprocessing = 0;
		};
		93D9FC2C185081A600D80BED /* Sources */ = {
			isa = PBXSourcesBuildPhase;
			buildActionMask = 2147483647;
			files = (
				93D9FC3E185081A600D80BED /* UnitTestingAppTests.m in Sources */,
			);
			runOnlyForDeploymentPostprocessing = 0;
		};
/* End PBXSourcesBuildPhase section */

/* Begin PBXTargetDependency section */
		93D9FC36185081A600D80BED /* PBXTargetDependency */ = {
			isa = PBXTargetDependency;
			target = 93D9FC0B185081A600D80BED /* UnitTestingApp */;
			targetProxy = 93D9FC35185081A600D80BED /* PBXContainerItemProxy */;
		};
/* End PBXTargetDependency section */

/* Begin PBXVariantGroup section */
		93D9FC18185081A600D80BED /* InfoPlist.strings */ = {
			isa = PBXVariantGroup;
			children = (
				93D9FC19185081A600D80BED /* en */,
			);
			name = InfoPlist.strings;
			sourceTree = "<group>";
		};
		93D9FC21185081A600D80BED /* Main_iPhone.storyboard */ = {
			isa = PBXVariantGroup;
			children = (
				93D9FC22185081A600D80BED /* Base */,
			);
			name = Main_iPhone.storyboard;
			sourceTree = "<group>";
		};
		93D9FC24185081A600D80BED /* Main_iPad.storyboard */ = {
			isa = PBXVariantGroup;
			children = (
				93D9FC25185081A600D80BED /* Base */,
			);
			name = Main_iPad.storyboard;
			sourceTree = "<group>";
		};
		93D9FC3A185081A600D80BED /* InfoPlist.strings */ = {
			isa = PBXVariantGroup;
			children = (
				93D9FC3B185081A600D80BED /* en */,
			);
			name = InfoPlist.strings;
			sourceTree = "<group>";
		};
/* End PBXVariantGroup section */

/* Begin XCBuildConfiguration section */
		93D9FC3F185081A600D80BED /* Debug */ = {
			isa = XCBuildConfiguration;
			buildSettings = {
				ALWAYS_SEARCH_USER_PATHS = NO;
				ARCHS = "$(ARCHS_STANDARD_INCLUDING_64_BIT)";
				CLANG_CXX_LANGUAGE_STANDARD = "gnu++0x";
				CLANG_CXX_LIBRARY = "libc++";
				CLANG_ENABLE_MODULES = YES;
				CLANG_ENABLE_OBJC_ARC = YES;
				CLANG_WARN_BOOL_CONVERSION = YES;
				CLANG_WARN_CONSTANT_CONVERSION = YES;
				CLANG_WARN_DIRECT_OBJC_ISA_USAGE = YES_ERROR;
				CLANG_WARN_EMPTY_BODY = YES;
				CLANG_WARN_ENUM_CONVERSION = YES;
				CLANG_WARN_INT_CONVERSION = YES;
				CLANG_WARN_OBJC_ROOT_CLASS = YES_ERROR;
				CLANG_WARN__DUPLICATE_METHOD_MATCH = YES;
				"CODE_SIGN_IDENTITY[sdk=iphoneos*]" = "iPhone Developer";
				COPY_PHASE_STRIP = NO;
				GCC_C_LANGUAGE_STANDARD = gnu99;
				GCC_DYNAMIC_NO_PIC = NO;
				GCC_OPTIMIZATION_LEVEL = 0;
				GCC_PREPROCESSOR_DEFINITIONS = (
					"DEBUG=1",
					"$(inherited)",
				);
				GCC_SYMBOLS_PRIVATE_EXTERN = NO;
				GCC_WARN_64_TO_32_BIT_CONVERSION = YES;
				GCC_WARN_ABOUT_RETURN_TYPE = YES_ERROR;
				GCC_WARN_UNDECLARED_SELECTOR = YES;
				GCC_WARN_UNINITIALIZED_AUTOS = YES_AGGRESSIVE;
				GCC_WARN_UNUSED_FUNCTION = YES;
				GCC_WARN_UNUSED_VARIABLE = YES;
				IPHONEOS_DEPLOYMENT_TARGET = 7.1;
				ONLY_ACTIVE_ARCH = YES;
				SDKROOT = iphoneos;
				TARGETED_DEVICE_FAMILY = "1,2";
			};
			name = Debug;
		};
		93D9FC40185081A600D80BED /* Release */ = {
			isa = XCBuildConfiguration;
			buildSettings = {
				ALWAYS_SEARCH_USER_PATHS = NO;
				ARCHS = "$(ARCHS_STANDARD_INCLUDING_64_BIT)";
				CLANG_CXX_LANGUAGE_STANDARD = "gnu++0x";
				CLANG_CXX_LIBRARY = "libc++";
				CLANG_ENABLE_MODULES = YES;
				CLANG_ENABLE_OBJC_ARC = YES;
				CLANG_WARN_BOOL_CONVERSION = YES;
				CLANG_WARN_CONSTANT_CONVERSION = YES;
				CLANG_WARN_DIRECT_OBJC_ISA_USAGE = YES_ERROR;
				CLANG_WARN_EMPTY_BODY = YES;
				CLANG_WARN_ENUM_CONVERSION = YES;
				CLANG_WARN_INT_CONVERSION = YES;
				CLANG_WARN_OBJC_ROOT_CLASS = YES_ERROR;
				CLANG_WARN__DUPLICATE_METHOD_MATCH = YES;
				"CODE_SIGN_IDENTITY[sdk=iphoneos*]" = "iPhone Developer";
				COPY_PHASE_STRIP = YES;
				ENABLE_NS_ASSERTIONS = NO;
				GCC_C_LANGUAGE_STANDARD = gnu99;
				GCC_WARN_64_TO_32_BIT_CONVERSION = YES;
				GCC_WARN_ABOUT_RETURN_TYPE = YES_ERROR;
				GCC_WARN_UNDECLARED_SELECTOR = YES;
				GCC_WARN_UNINITIALIZED_AUTOS = YES_AGGRESSIVE;
				GCC_WARN_UNUSED_FUNCTION = YES;
				GCC_WARN_UNUSED_VARIABLE = YES;
				IPHONEOS_DEPLOYMENT_TARGET = 7.1;
				SDKROOT = iphoneos;
				TARGETED_DEVICE_FAMILY = "1,2";
				VALIDATE_PRODUCT = YES;
			};
			name = Release;
		};
		93D9FC42185081A600D80BED /* Debug */ = {
			isa = XCBuildConfiguration;
			buildSettings = {
				ASSETCATALOG_COMPILER_APPICON_NAME = AppIcon;
				ASSETCATALOG_COMPILER_LAUNCHIMAGE_NAME = LaunchImage;
				GCC_PRECOMPILE_PREFIX_HEADER = YES;
				GCC_PREFIX_HEADER = "UnitTestingApp/UnitTestingApp-Prefix.pch";
				INFOPLIST_FILE = "UnitTestingApp/UnitTestingApp-Info.plist";
				IPHONEOS_DEPLOYMENT_TARGET = 6.0;
				PRODUCT_NAME = "$(TARGET_NAME)";
				WRAPPER_EXTENSION = app;
			};
			name = Debug;
		};
		93D9FC43185081A600D80BED /* Release */ = {
			isa = XCBuildConfiguration;
			buildSettings = {
				ASSETCATALOG_COMPILER_APPICON_NAME = AppIcon;
				ASSETCATALOG_COMPILER_LAUNCHIMAGE_NAME = LaunchImage;
				GCC_PRECOMPILE_PREFIX_HEADER = YES;
				GCC_PREFIX_HEADER = "UnitTestingApp/UnitTestingApp-Prefix.pch";
				INFOPLIST_FILE = "UnitTestingApp/UnitTestingApp-Info.plist";
				IPHONEOS_DEPLOYMENT_TARGET = 6.0;
				PRODUCT_NAME = "$(TARGET_NAME)";
				WRAPPER_EXTENSION = app;
			};
			name = Release;
		};
		93D9FC45185081A600D80BED /* Debug */ = {
			isa = XCBuildConfiguration;
			buildSettings = {
				ARCHS = "$(ARCHS_STANDARD_INCLUDING_64_BIT)";
				BUNDLE_LOADER = "$(BUILT_PRODUCTS_DIR)/UnitTestingApp.app/UnitTestingApp";
				FRAMEWORK_SEARCH_PATHS = (
					"$(SDKROOT)/Developer/Library/Frameworks",
					"$(inherited)",
					"$(DEVELOPER_FRAMEWORKS_DIR)",
				);
				GCC_PRECOMPILE_PREFIX_HEADER = YES;
				GCC_PREFIX_HEADER = "UnitTestingApp/UnitTestingApp-Prefix.pch";
				GCC_PREPROCESSOR_DEFINITIONS = (
					"DEBUG=1",
					"$(inherited)",
				);
				INFOPLIST_FILE = "UnitTestingAppTests/UnitTestingAppTests-Info.plist";
				PRODUCT_NAME = "$(TARGET_NAME)";
				TEST_HOST = "$(BUNDLE_LOADER)";
				WRAPPER_EXTENSION = xctest;
			};
			name = Debug;
		};
		93D9FC46185081A600D80BED /* Release */ = {
			isa = XCBuildConfiguration;
			buildSettings = {
				ARCHS = "$(ARCHS_STANDARD_INCLUDING_64_BIT)";
				BUNDLE_LOADER = "$(BUILT_PRODUCTS_DIR)/UnitTestingApp.app/UnitTestingApp";
				FRAMEWORK_SEARCH_PATHS = (
					"$(SDKROOT)/Developer/Library/Frameworks",
					"$(inherited)",
					"$(DEVELOPER_FRAMEWORKS_DIR)",
				);
				GCC_PRECOMPILE_PREFIX_HEADER = YES;
				GCC_PREFIX_HEADER = "UnitTestingApp/UnitTestingApp-Prefix.pch";
				INFOPLIST_FILE = "UnitTestingAppTests/UnitTestingAppTests-Info.plist";
				PRODUCT_NAME = "$(TARGET_NAME)";
				TEST_HOST = "$(BUNDLE_LOADER)";
				WRAPPER_EXTENSION = xctest;
			};
			name = Release;
		};
/* End XCBuildConfiguration section */

/* Begin XCConfigurationList section */
		93D9FC07185081A600D80BED /* Build configuration list for PBXProject "UnitTestingApp" */ = {
			isa = XCConfigurationList;
			buildConfigurations = (
				93D9FC3F185081A600D80BED /* Debug */,
				93D9FC40185081A600D80BED /* Release */,
			);
			defaultConfigurationIsVisible = 0;
			defaultConfigurationName = Release;
		};
		93D9FC41185081A600D80BED /* Build configuration list for PBXNativeTarget "UnitTestingApp" */ = {
			isa = XCConfigurationList;
			buildConfigurations = (
				93D9FC42185081A600D80BED /* Debug */,
				93D9FC43185081A600D80BED /* Release */,
			);
			defaultConfigurationIsVisible = 0;
			defaultConfigurationName = Release;
		};
		93D9FC44185081A600D80BED /* Build configuration list for PBXNativeTarget "UnitTestingAppTests" */ = {
			isa = XCConfigurationList;
			buildConfigurations = (
				93D9FC45185081A600D80BED /* Debug */,
				93D9FC46185081A600D80BED /* Release */,
			);
			defaultConfigurationIsVisible = 0;
			defaultConfigurationName = Release;
		};
/* End XCConfigurationList section */
	};
	rootObject = 93D9FC04185081A600D80BED /* Project object */;
}
